// !$*UTF8*$!
{
	archiveVersion = 1;
	classes = {
	};
	objectVersion = 46;
	objects = {

/* Begin PBXBuildFile section */
		B20A803B1BFAB755001B1CCC /* movie_quote.mp3 in Resources */ = {isa = PBXBuildFile; fileRef = B20A803A1BFAB755001B1CCC /* movie_quote.mp3 */; };
		B29614F81BF92801007C9A82 /* AppDelegate.swift in Sources */ = {isa = PBXBuildFile; fileRef = B29614F71BF92801007C9A82 /* AppDelegate.swift */; };
		B29614FA1BF92801007C9A82 /* ViewController.swift in Sources */ = {isa = PBXBuildFile; fileRef = B29614F91BF92801007C9A82 /* ViewController.swift */; };
		B29614FD1BF92801007C9A82 /* Main.storyboard in Resources */ = {isa = PBXBuildFile; fileRef = B29614FB1BF92801007C9A82 /* Main.storyboard */; };
		B29614FF1BF92801007C9A82 /* Assets.xcassets in Resources */ = {isa = PBXBuildFile; fileRef = B29614FE1BF92801007C9A82 /* Assets.xcassets */; };
		B29615021BF92801007C9A82 /* LaunchScreen.storyboard in Resources */ = {isa = PBXBuildFile; fileRef = B29615001BF92801007C9A82 /* LaunchScreen.storyboard */; };
		B296150D1BF92801007C9A82 /* Pitch_PerfectTests.swift in Sources */ = {isa = PBXBuildFile; fileRef = B296150C1BF92801007C9A82 /* Pitch_PerfectTests.swift */; };
		B29615181BF92801007C9A82 /* Pitch_PerfectUITests.swift in Sources */ = {isa = PBXBuildFile; fileRef = B29615171BF92801007C9A82 /* Pitch_PerfectUITests.swift */; };
		B2A7BF981BFAB09600F4535F /* PlaySoundsViewController.swift in Sources */ = {isa = PBXBuildFile; fileRef = B2A7BF971BFAB09600F4535F /* PlaySoundsViewController.swift */; };
/* End PBXBuildFile section */

/* Begin PBXContainerItemProxy section */
		B29615091BF92801007C9A82 /* PBXContainerItemProxy */ = {
			isa = PBXContainerItemProxy;
			containerPortal = B29614EC1BF92801007C9A82 /* Project object */;
			proxyType = 1;
			remoteGlobalIDString = B29614F31BF92801007C9A82;
			remoteInfo = "Pitch Perfect";
		};
		B29615141BF92801007C9A82 /* PBXContainerItemProxy */ = {
			isa = PBXContainerItemProxy;
			containerPortal = B29614EC1BF92801007C9A82 /* Project object */;
			proxyType = 1;
			remoteGlobalIDString = B29614F31BF92801007C9A82;
			remoteInfo = "Pitch Perfect";
		};
/* End PBXContainerItemProxy section */

/* Begin PBXFileReference section */
		B20A803A1BFAB755001B1CCC /* movie_quote.mp3 */ = {isa = PBXFileReference; lastKnownFileType = audio.mp3; name = movie_quote.mp3; path = ../../../Downloads/movie_quote.mp3; sourceTree = "<group>"; };
		B29614F41BF92801007C9A82 /* Pitch Perfect.app */ = {isa = PBXFileReference; explicitFileType = wrapper.application; includeInIndex = 0; path = "Pitch Perfect.app"; sourceTree = BUILT_PRODUCTS_DIR; };
		B29614F71BF92801007C9A82 /* AppDelegate.swift */ = {isa = PBXFileReference; lastKnownFileType = sourcecode.swift; path = AppDelegate.swift; sourceTree = "<group>"; };
		B29614F91BF92801007C9A82 /* ViewController.swift */ = {isa = PBXFileReference; lastKnownFileType = sourcecode.swift; path = ViewController.swift; sourceTree = "<group>"; };
		B29614FC1BF92801007C9A82 /* Base */ = {isa = PBXFileReference; lastKnownFileType = file.storyboard; name = Base; path = Base.lproj/Main.storyboard; sourceTree = "<group>"; };
		B29614FE1BF92801007C9A82 /* Assets.xcassets */ = {isa = PBXFileReference; lastKnownFileType = folder.assetcatalog; path = Assets.xcassets; sourceTree = "<group>"; };
		B29615011BF92801007C9A82 /* Base */ = {isa = PBXFileReference; lastKnownFileType = file.storyboard; name = Base; path = Base.lproj/LaunchScreen.storyboard; sourceTree = "<group>"; };
		B29615031BF92801007C9A82 /* Info.plist */ = {isa = PBXFileReference; lastKnownFileType = text.plist.xml; path = Info.plist; sourceTree = "<group>"; };
		B29615081BF92801007C9A82 /* Pitch PerfectTests.xctest */ = {isa = PBXFileReference; explicitFileType = wrapper.cfbundle; includeInIndex = 0; path = "Pitch PerfectTests.xctest"; sourceTree = BUILT_PRODUCTS_DIR; };
		B296150C1BF92801007C9A82 /* Pitch_PerfectTests.swift */ = {isa = PBXFileReference; lastKnownFileType = sourcecode.swift; path = Pitch_PerfectTests.swift; sourceTree = "<group>"; };
		B296150E1BF92801007C9A82 /* Info.plist */ = {isa = PBXFileReference; lastKnownFileType = text.plist.xml; path = Info.plist; sourceTree = "<group>"; };
		B29615131BF92801007C9A82 /* Pitch PerfectUITests.xctest */ = {isa = PBXFileReference; explicitFileType = wrapper.cfbundle; includeInIndex = 0; path = "Pitch PerfectUITests.xctest"; sourceTree = BUILT_PRODUCTS_DIR; };
		B29615171BF92801007C9A82 /* Pitch_PerfectUITests.swift */ = {isa = PBXFileReference; lastKnownFileType = sourcecode.swift; path = Pitch_PerfectUITests.swift; sourceTree = "<group>"; };
		B29615191BF92801007C9A82 /* Info.plist */ = {isa = PBXFileReference; lastKnownFileType = text.plist.xml; path = Info.plist; sourceTree = "<group>"; };
		B2A7BF971BFAB09600F4535F /* PlaySoundsViewController.swift */ = {isa = PBXFileReference; fileEncoding = 4; lastKnownFileType = sourcecode.swift; path = PlaySoundsViewController.swift; sourceTree = "<group>"; };
/* End PBXFileReference section */

/* Begin PBXFrameworksBuildPhase section */
		B29614F11BF92801007C9A82 /* Frameworks */ = {
			isa = PBXFrameworksBuildPhase;
			buildActionMask = 2147483647;
			files = (
			);
			runOnlyForDeploymentPostprocessing = 0;
		};
		B29615051BF92801007C9A82 /* Frameworks */ = {
			isa = PBXFrameworksBuildPhase;
			buildActionMask = 2147483647;
			files = (
			);
			runOnlyForDeploymentPostprocessing = 0;
		};
		B29615101BF92801007C9A82 /* Frameworks */ = {
			isa = PBXFrameworksBuildPhase;
			buildActionMask = 2147483647;
			files = (
			);
			runOnlyForDeploymentPostprocessing = 0;
		};
/* End PBXFrameworksBuildPhase section */

/* Begin PBXGroup section */
		B29614EB1BF92801007C9A82 = {
			isa = PBXGroup;
			children = (
				B29614F61BF92801007C9A82 /* Pitch Perfect */,
				B296150B1BF92801007C9A82 /* Pitch PerfectTests */,
				B29615161BF92801007C9A82 /* Pitch PerfectUITests */,
				B29614F51BF92801007C9A82 /* Products */,
			);
			sourceTree = "<group>";
		};
		B29614F51BF92801007C9A82 /* Products */ = {
			isa = PBXGroup;
			children = (
				B29614F41BF92801007C9A82 /* Pitch Perfect.app */,
				B29615081BF92801007C9A82 /* Pitch PerfectTests.xctest */,
				B29615131BF92801007C9A82 /* Pitch PerfectUITests.xctest */,
			);
			name = Products;
			sourceTree = "<group>";
		};
		B29614F61BF92801007C9A82 /* Pitch Perfect */ = {
			isa = PBXGroup;
			children = (
				B29614F91BF92801007C9A82 /* ViewController.swift */,
				B29614F71BF92801007C9A82 /* AppDelegate.swift */,
				B29614FB1BF92801007C9A82 /* Main.storyboard */,
				B20A803A1BFAB755001B1CCC /* movie_quote.mp3 */,
				B2A7BF971BFAB09600F4535F /* PlaySoundsViewController.swift */,
				B29614FE1BF92801007C9A82 /* Assets.xcassets */,
				B29615001BF92801007C9A82 /* LaunchScreen.storyboard */,
				B29615031BF92801007C9A82 /* Info.plist */,
			);
			path = "Pitch Perfect";
			sourceTree = "<group>";
		};
		B296150B1BF92801007C9A82 /* Pitch PerfectTests */ = {
			isa = PBXGroup;
			children = (
				B296150C1BF92801007C9A82 /* Pitch_PerfectTests.swift */,
				B296150E1BF92801007C9A82 /* Info.plist */,
			);
			path = "Pitch PerfectTests";
			sourceTree = "<group>";
		};
		B29615161BF92801007C9A82 /* Pitch PerfectUITests */ = {
			isa = PBXGroup;
			children = (
				B29615171BF92801007C9A82 /* Pitch_PerfectUITests.swift */,
				B29615191BF92801007C9A82 /* Info.plist */,
			);
			path = "Pitch PerfectUITests";
			sourceTree = "<group>";
		};
/* End PBXGroup section */

/* Begin PBXNativeTarget section */
		B29614F31BF92801007C9A82 /* Pitch Perfect */ = {
			isa = PBXNativeTarget;
			buildConfigurationList = B296151C1BF92801007C9A82 /* Build configuration list for PBXNativeTarget "Pitch Perfect" */;
			buildPhases = (
				B29614F01BF92801007C9A82 /* Sources */,
				B29614F11BF92801007C9A82 /* Frameworks */,
				B29614F21BF92801007C9A82 /* Resources */,
			);
			buildRules = (
			);
			dependencies = (
			);
			name = "Pitch Perfect";
			productName = "Pitch Perfect";
			productReference = B29614F41BF92801007C9A82 /* Pitch Perfect.app */;
			productType = "com.apple.product-type.application";
		};
		B29615071BF92801007C9A82 /* Pitch PerfectTests */ = {
			isa = PBXNativeTarget;
			buildConfigurationList = B296151F1BF92801007C9A82 /* Build configuration list for PBXNativeTarget "Pitch PerfectTests" */;
			buildPhases = (
				B29615041BF92801007C9A82 /* Sources */,
				B29615051BF92801007C9A82 /* Frameworks */,
				B29615061BF92801007C9A82 /* Resources */,
			);
			buildRules = (
			);
			dependencies = (
				B296150A1BF92801007C9A82 /* PBXTargetDependency */,
			);
			name = "Pitch PerfectTests";
			productName = "Pitch PerfectTests";
			productReference = B29615081BF92801007C9A82 /* Pitch PerfectTests.xctest */;
			productType = "com.apple.product-type.bundle.unit-test";
		};
		B29615121BF92801007C9A82 /* Pitch PerfectUITests */ = {
			isa = PBXNativeTarget;
			buildConfigurationList = B29615221BF92801007C9A82 /* Build configuration list for PBXNativeTarget "Pitch PerfectUITests" */;
			buildPhases = (
				B296150F1BF92801007C9A82 /* Sources */,
				B29615101BF92801007C9A82 /* Frameworks */,
				B29615111BF92801007C9A82 /* Resources */,
			);
			buildRules = (
			);
			dependencies = (
				B29615151BF92801007C9A82 /* PBXTargetDependency */,
			);
			name = "Pitch PerfectUITests";
			productName = "Pitch PerfectUITests";
			productReference = B29615131BF92801007C9A82 /* Pitch PerfectUITests.xctest */;
			productType = "com.apple.product-type.bundle.ui-testing";
		};
/* End PBXNativeTarget section */

/* Begin PBXProject section */
		B29614EC1BF92801007C9A82 /* Project object */ = {
			isa = PBXProject;
			attributes = {
				LastSwiftUpdateCheck = 0710;
				LastUpgradeCheck = 0710;
				ORGANIZATIONNAME = Gyosida;
				TargetAttributes = {
					B29614F31BF92801007C9A82 = {
						CreatedOnToolsVersion = 7.1.1;
					};
					B29615071BF92801007C9A82 = {
						CreatedOnToolsVersion = 7.1.1;
						TestTargetID = B29614F31BF92801007C9A82;
					};
					B29615121BF92801007C9A82 = {
						CreatedOnToolsVersion = 7.1.1;
						TestTargetID = B29614F31BF92801007C9A82;
					};
				};
			};
			buildConfigurationList = B29614EF1BF92801007C9A82 /* Build configuration list for PBXProject "Pitch Perfect" */;
			compatibilityVersion = "Xcode 3.2";
			developmentRegion = English;
			hasScannedForEncodings = 0;
			knownRegions = (
				en,
				Base,
			);
			mainGroup = B29614EB1BF92801007C9A82;
			productRefGroup = B29614F51BF92801007C9A82 /* Products */;
			projectDirPath = "";
			projectRoot = "";
			targets = (
				B29614F31BF92801007C9A82 /* Pitch Perfect */,
				B29615071BF92801007C9A82 /* Pitch PerfectTests */,
				B29615121BF92801007C9A82 /* Pitch PerfectUITests */,
			);
		};
/* End PBXProject section */

/* Begin PBXResourcesBuildPhase section */
		B29614F21BF92801007C9A82 /* Resources */ = {
			isa = PBXResourcesBuildPhase;
			buildActionMask = 2147483647;
			files = (
				B29615021BF92801007C9A82 /* LaunchScreen.storyboard in Resources */,
				B29614FF1BF92801007C9A82 /* Assets.xcassets in Resources */,
				B20A803B1BFAB755001B1CCC /* movie_quote.mp3 in Resources */,
				B29614FD1BF92801007C9A82 /* Main.storyboard in Resources */,
			);
			runOnlyForDeploymentPostprocessing = 0;
		};
		B29615061BF92801007C9A82 /* Resources */ = {
			isa = PBXResourcesBuildPhase;
			buildActionMask = 2147483647;
			files = (
			);
			runOnlyForDeploymentPostprocessing = 0;
		};
		B29615111BF92801007C9A82 /* Resources */ = {
			isa = PBXResourcesBuildPhase;
			buildActionMask = 2147483647;
			files = (
			);
			runOnlyForDeploymentPostprocessing = 0;
		};
/* End PBXResourcesBuildPhase section */

/* Begin PBXSourcesBuildPhase section */
		B29614F01BF92801007C9A82 /* Sources */ = {
			isa = PBXSourcesBuildPhase;
			buildActionMask = 2147483647;
			files = (
				B29614FA1BF92801007C9A82 /* ViewController.swift in Sources */,
				B2A7BF981BFAB09600F4535F /* PlaySoundsViewController.swift in Sources */,
				B29614F81BF92801007C9A82 /* AppDelegate.swift in Sources */,
			);
			runOnlyForDeploymentPostprocessing = 0;
		};
		B29615041BF92801007C9A82 /* Sources */ = {
			isa = PBXSourcesBuildPhase;
			buildActionMask = 2147483647;
			files = (
				B296150D1BF92801007C9A82 /* Pitch_PerfectTests.swift in Sources */,
			);
			runOnlyForDeploymentPostprocessing = 0;
		};
		B296150F1BF92801007C9A82 /* Sources */ = {
			isa = PBXSourcesBuildPhase;
			buildActionMask = 2147483647;
			files = (
				B29615181BF92801007C9A82 /* Pitch_PerfectUITests.swift in Sources */,
			);
			runOnlyForDeploymentPostprocessing = 0;
		};
/* End PBXSourcesBuildPhase section */

/* Begin PBXTargetDependency section */
		B296150A1BF92801007C9A82 /* PBXTargetDependency */ = {
			isa = PBXTargetDependency;
			target = B29614F31BF92801007C9A82 /* Pitch Perfect */;
			targetProxy = B29615091BF92801007C9A82 /* PBXContainerItemProxy */;
		};
		B29615151BF92801007C9A82 /* PBXTargetDependency */ = {
			isa = PBXTargetDependency;
			target = B29614F31BF92801007C9A82 /* Pitch Perfect */;
			targetProxy = B29615141BF92801007C9A82 /* PBXContainerItemProxy */;
		};
/* End PBXTargetDependency section */

/* Begin PBXVariantGroup section */
		B29614FB1BF92801007C9A82 /* Main.storyboard */ = {
			isa = PBXVariantGroup;
			children = (
				B29614FC1BF92801007C9A82 /* Base */,
			);
			name = Main.storyboard;
			sourceTree = "<group>";
		};
		B29615001BF92801007C9A82 /* LaunchScreen.storyboard */ = {
			isa = PBXVariantGroup;
			children = (
				B29615011BF92801007C9A82 /* Base */,
			);
			name = LaunchScreen.storyboard;
			sourceTree = "<group>";
		};
/* End PBXVariantGroup section */

/* Begin XCBuildConfiguration section */
		B296151A1BF92801007C9A82 /* Debug */ = {
			isa = XCBuildConfiguration;
			buildSettings = {
				ALWAYS_SEARCH_USER_PATHS = NO;
				CLANG_CXX_LANGUAGE_STANDARD = "gnu++0x";
				CLANG_CXX_LIBRARY = "libc++";
				CLANG_ENABLE_MODULES = YES;
				CLANG_ENABLE_OBJC_ARC = YES;
				CLANG_WARN_BOOL_CONVERSION = YES;
				CLANG_WARN_CONSTANT_CONVERSION = YES;
				CLANG_WARN_DIRECT_OBJC_ISA_USAGE = YES_ERROR;
				CLANG_WARN_EMPTY_BODY = YES;
				CLANG_WARN_ENUM_CONVERSION = YES;
				CLANG_WARN_INT_CONVERSION = YES;
				CLANG_WARN_OBJC_ROOT_CLASS = YES_ERROR;
				CLANG_WARN_UNREACHABLE_CODE = YES;
				CLANG_WARN__DUPLICATE_METHOD_MATCH = YES;
				"CODE_SIGN_IDENTITY[sdk=iphoneos*]" = "iPhone Developer";
				COPY_PHASE_STRIP = NO;
				DEBUG_INFORMATION_FORMAT = dwarf;
				ENABLE_STRICT_OBJC_MSGSEND = YES;
				ENABLE_TESTABILITY = YES;
				GCC_C_LANGUAGE_STANDARD = gnu99;
				GCC_DYNAMIC_NO_PIC = NO;
				GCC_NO_COMMON_BLOCKS = YES;
				GCC_OPTIMIZATION_LEVEL = 0;
				GCC_PREPROCESSOR_DEFINITIONS = (
					"DEBUG=1",
					"$(inherited)",
				);
				GCC_WARN_64_TO_32_BIT_CONVERSION = YES;
				GCC_WARN_ABOUT_RETURN_TYPE = YES_ERROR;
				GCC_WARN_UNDECLARED_SELECTOR = YES;
				GCC_WARN_UNINITIALIZED_AUTOS = YES_AGGRESSIVE;
				GCC_WARN_UNUSED_FUNCTION = YES;
				GCC_WARN_UNUSED_VARIABLE = YES;
				IPHONEOS_DEPLOYMENT_TARGET = 9.1;
				MTL_ENABLE_DEBUG_INFO = YES;
				ONLY_ACTIVE_ARCH = YES;
				SDKROOT = iphoneos;
				SWIFT_OPTIMIZATION_LEVEL = "-Onone";
			};
			name = Debug;
		};
		B296151B1BF92801007C9A82 /* Release */ = {
			isa = XCBuildConfiguration;
			buildSettings = {
				ALWAYS_SEARCH_USER_PATHS = NO;
				CLANG_CXX_LANGUAGE_STANDARD = "gnu++0x";
				CLANG_CXX_LIBRARY = "libc++";
				CLANG_ENABLE_MODULES = YES;
				CLANG_ENABLE_OBJC_ARC = YES;
				CLANG_WARN_BOOL_CONVERSION = YES;
				CLANG_WARN_CONSTANT_CONVERSION = YES;
				CLANG_WARN_DIRECT_OBJC_ISA_USAGE = YES_ERROR;
				CLANG_WARN_EMPTY_BODY = YES;
				CLANG_WARN_ENUM_CONVERSION = YES;
				CLANG_WARN_INT_CONVERSION = YES;
				CLANG_WARN_OBJC_ROOT_CLASS = YES_ERROR;
				CLANG_WARN_UNREACHABLE_CODE = YES;
				CLANG_WARN__DUPLICATE_METHOD_MATCH = YES;
				"CODE_SIGN_IDENTITY[sdk=iphoneos*]" = "iPhone Developer";
				COPY_PHASE_STRIP = NO;
				DEBUG_INFORMATION_FORMAT = "dwarf-with-dsym";
				ENABLE_NS_ASSERTIONS = NO;
				ENABLE_STRICT_OBJC_MSGSEND = YES;
				GCC_C_LANGUAGE_STANDARD = gnu99;
				GCC_NO_COMMON_BLOCKS = YES;
				GCC_WARN_64_TO_32_BIT_CONVERSION = YES;
				GCC_WARN_ABOUT_RETURN_TYPE = YES_ERROR;
				GCC_WARN_UNDECLARED_SELECTOR = YES;
				GCC_WARN_UNINITIALIZED_AUTOS = YES_AGGRESSIVE;
				GCC_WARN_UNUSED_FUNCTION = YES;
				GCC_WARN_UNUSED_VARIABLE = YES;
				IPHONEOS_DEPLOYMENT_TARGET = 9.1;
				MTL_ENABLE_DEBUG_INFO = NO;
				SDKROOT = iphoneos;
				VALIDATE_PRODUCT = YES;
			};
			name = Release;
		};
		B296151D1BF92801007C9A82 /* Debug */ = {
			isa = XCBuildConfiguration;
			buildSettings = {
				ASSETCATALOG_COMPILER_APPICON_NAME = AppIcon;
				INFOPLIST_FILE = "Pitch Perfect/Info.plist";
				LD_RUNPATH_SEARCH_PATHS = "$(inherited) @executable_path/Frameworks";
				PRODUCT_BUNDLE_IDENTIFIER = "com.gyosida.Pitch-Perfect";
				PRODUCT_NAME = "$(TARGET_NAME)";
			};
			name = Debug;
		};
		B296151E1BF92801007C9A82 /* Release */ = {
			isa = XCBuildConfiguration;
			buildSettings = {
				ASSETCATALOG_COMPILER_APPICON_NAME = AppIcon;
				INFOPLIST_FILE = "Pitch Perfect/Info.plist";
				LD_RUNPATH_SEARCH_PATHS = "$(inherited) @executable_path/Frameworks";
				PRODUCT_BUNDLE_IDENTIFIER = "com.gyosida.Pitch-Perfect";
				PRODUCT_NAME = "$(TARGET_NAME)";
			};
			name = Release;
		};
		B29615201BF92801007C9A82 /* Debug */ = {
			isa = XCBuildConfiguration;
			buildSettings = {
				BUNDLE_LOADER = "$(TEST_HOST)";
				INFOPLIST_FILE = "Pitch PerfectTests/Info.plist";
				LD_RUNPATH_SEARCH_PATHS = "$(inherited) @executable_path/Frameworks @loader_path/Frameworks";
				PRODUCT_BUNDLE_IDENTIFIER = "com.gyosida.Pitch-PerfectTests";
				PRODUCT_NAME = "$(TARGET_NAME)";
				TEST_HOST = "$(BUILT_PRODUCTS_DIR)/Pitch Perfect.app/Pitch Perfect";
			};
			name = Debug;
		};
		B29615211BF92801007C9A82 /* Release */ = {
			isa = XCBuildConfiguration;
			buildSettings = {
				BUNDLE_LOADER = "$(TEST_HOST)";
				INFOPLIST_FILE = "Pitch PerfectTests/Info.plist";
				LD_RUNPATH_SEARCH_PATHS = "$(inherited) @executable_path/Frameworks @loader_path/Frameworks";
				PRODUCT_BUNDLE_IDENTIFIER = "com.gyosida.Pitch-PerfectTests";
				PRODUCT_NAME = "$(TARGET_NAME)";
				TEST_HOST = "$(BUILT_PRODUCTS_DIR)/Pitch Perfect.app/Pitch Perfect";
			};
			name = Release;
		};
		B29615231BF92801007C9A82 /* Debug */ = {
			isa = XCBuildConfiguration;
			buildSettings = {
				INFOPLIST_FILE = "Pitch PerfectUITests/Info.plist";
				LD_RUNPATH_SEARCH_PATHS = "$(inherited) @executable_path/Frameworks @loader_path/Frameworks";
				PRODUCT_BUNDLE_IDENTIFIER = "com.gyosida.Pitch-PerfectUITests";
				PRODUCT_NAME = "$(TARGET_NAME)";
				TEST_TARGET_NAME = "Pitch Perfect";
				USES_XCTRUNNER = YES;
			};
			name = Debug;
		};
		B29615241BF92801007C9A82 /* Release */ = {
			isa = XCBuildConfiguration;
			buildSettings = {
				INFOPLIST_FILE = "Pitch PerfectUITests/Info.plist";
				LD_RUNPATH_SEARCH_PATHS = "$(inherited) @executable_path/Frameworks @loader_path/Frameworks";
				PRODUCT_BUNDLE_IDENTIFIER = "com.gyosida.Pitch-PerfectUITests";
				PRODUCT_NAME = "$(TARGET_NAME)";
				TEST_TARGET_NAME = "Pitch Perfect";
				USES_XCTRUNNER = YES;
			};
			name = Release;
		};
/* End XCBuildConfiguration section */

/* Begin XCConfigurationList section */
		B29614EF1BF92801007C9A82 /* Build configuration list for PBXProject "Pitch Perfect" */ = {
			isa = XCConfigurationList;
			buildConfigurations = (
				B296151A1BF92801007C9A82 /* Debug */,
				B296151B1BF92801007C9A82 /* Release */,
			);
			defaultConfigurationIsVisible = 0;
			defaultConfigurationName = Release;
		};
		B296151C1BF92801007C9A82 /* Build configuration list for PBXNativeTarget "Pitch Perfect" */ = {
			isa = XCConfigurationList;
			buildConfigurations = (
				B296151D1BF92801007C9A82 /* Debug */,
				B296151E1BF92801007C9A82 /* Release */,
			);
			defaultConfigurationIsVisible = 0;
			defaultConfigurationName = Release;
		};
		B296151F1BF92801007C9A82 /* Build configuration list for PBXNativeTarget "Pitch PerfectTests" */ = {
			isa = XCConfigurationList;
			buildConfigurations = (
				B29615201BF92801007C9A82 /* Debug */,
				B29615211BF92801007C9A82 /* Release */,
			);
			defaultConfigurationIsVisible = 0;
			defaultConfigurationName = Release;
		};
		B29615221BF92801007C9A82 /* Build configuration list for PBXNativeTarget "Pitch PerfectUITests" */ = {
			isa = XCConfigurationList;
			buildConfigurations = (
				B29615231BF92801007C9A82 /* Debug */,
				B29615241BF92801007C9A82 /* Release */,
			);
			defaultConfigurationIsVisible = 0;
			defaultConfigurationName = Release;
		};
/* End XCConfigurationList section */
	};
	rootObject = B29614EC1BF92801007C9A82 /* Project object */;
}
